// !$*UTF8*$!
{
	archiveVersion = 1;
	classes = {
	};
	objectVersion = 46;
	objects = {

/* Begin PBXBuildFile section */
		090E1C001A0BB20200CAFB44 /* main.c in Sources */ = {isa = PBXBuildFile; fileRef = 090E1BFF1A0BB20200CAFB44 /* main.c */; };
		096A22981A0BB45800387E02 /* SDL2.framework in Frameworks */ = {isa = PBXBuildFile; fileRef = 096A22971A0BB45800387E02 /* SDL2.framework */; };
		096A22A11A0BB58200387E02 /* gfx.c in Sources */ = {isa = PBXBuildFile; fileRef = 096A229F1A0BB58200387E02 /* gfx.c */; };
		096A22A31A0BC46100387E02 /* Pile.c in Sources */ = {isa = PBXBuildFile; fileRef = 096A22A21A0BC46100387E02 /* Pile.c */; };
		2D5963F21A0BC13A0055C765 /* Mandelbrot.c in Sources */ = {isa = PBXBuildFile; fileRef = 2D5963F11A0BC13A0055C765 /* Mandelbrot.c */; };
/* End PBXBuildFile section */

/* Begin PBXCopyFilesBuildPhase section */
		090E1BFA1A0BB20200CAFB44 /* CopyFiles */ = {
			isa = PBXCopyFilesBuildPhase;
			buildActionMask = 2147483647;
			dstPath = /usr/share/man/man1/;
			dstSubfolderSpec = 0;
			files = (
			);
			runOnlyForDeploymentPostprocessing = 1;
		};
/* End PBXCopyFilesBuildPhase section */

/* Begin PBXFileReference section */
		090E1BFC1A0BB20200CAFB44 /* Mandelbrot_SDL */ = {isa = PBXFileReference; explicitFileType = "compiled.mach-o.executable"; includeInIndex = 0; path = Mandelbrot_SDL; sourceTree = BUILT_PRODUCTS_DIR; };
		090E1BFF1A0BB20200CAFB44 /* main.c */ = {isa = PBXFileReference; lastKnownFileType = sourcecode.c.c; path = main.c; sourceTree = "<group>"; };
		096A22971A0BB45800387E02 /* SDL2.framework */ = {isa = PBXFileReference; lastKnownFileType = wrapper.framework; name = SDL2.framework; path = ../../../../../Library/Frameworks/SDL2.framework; sourceTree = "<group>"; };
		096A229F1A0BB58200387E02 /* gfx.c */ = {isa = PBXFileReference; fileEncoding = 4; lastKnownFileType = sourcecode.c.c; path = gfx.c; sourceTree = "<group>"; };
		096A22A01A0BB58200387E02 /* gfx.h */ = {isa = PBXFileReference; fileEncoding = 4; lastKnownFileType = sourcecode.c.h; path = gfx.h; sourceTree = "<group>"; };
		096A22A21A0BC46100387E02 /* Pile.c */ = {isa = PBXFileReference; fileEncoding = 4; lastKnownFileType = sourcecode.c.c; path = Pile.c; sourceTree = "<group>"; };
		2D5963EF1A0BBDD50055C765 /* Pile.h */ = {isa = PBXFileReference; lastKnownFileType = sourcecode.c.h; path = Pile.h; sourceTree = "<group>"; };
		2D5963F01A0BBDE50055C765 /* Mandelbrot.h */ = {isa = PBXFileReference; lastKnownFileType = sourcecode.c.h; path = Mandelbrot.h; sourceTree = "<group>"; };
		2D5963F11A0BC13A0055C765 /* Mandelbrot.c */ = {isa = PBXFileReference; fileEncoding = 4; lastKnownFileType = sourcecode.c.c; path = Mandelbrot.c; sourceTree = "<group>"; };
/* End PBXFileReference section */

/* Begin PBXFrameworksBuildPhase section */
		090E1BF91A0BB20200CAFB44 /* Frameworks */ = {
			isa = PBXFrameworksBuildPhase;
			buildActionMask = 2147483647;
			files = (
				096A22981A0BB45800387E02 /* SDL2.framework in Frameworks */,
			);
			runOnlyForDeploymentPostprocessing = 0;
		};
/* End PBXFrameworksBuildPhase section */

/* Begin PBXGroup section */
		090E1BF31A0BB20200CAFB44 = {
			isa = PBXGroup;
			children = (
				096A22971A0BB45800387E02 /* SDL2.framework */,
				090E1BFE1A0BB20200CAFB44 /* Mandelbrot_SDL */,
				090E1BFD1A0BB20200CAFB44 /* Products */,
			);
			sourceTree = "<group>";
		};
		090E1BFD1A0BB20200CAFB44 /* Products */ = {
			isa = PBXGroup;
			children = (
				090E1BFC1A0BB20200CAFB44 /* Mandelbrot_SDL */,
			);
			name = Products;
			sourceTree = "<group>";
		};
		090E1BFE1A0BB20200CAFB44 /* Mandelbrot_SDL */ = {
			isa = PBXGroup;
			children = (
				090E1BFF1A0BB20200CAFB44 /* main.c */,
				2D5963EF1A0BBDD50055C765 /* Pile.h */,
				096A22A21A0BC46100387E02 /* Pile.c */,
				2D5963F01A0BBDE50055C765 /* Mandelbrot.h */,
				2D5963F11A0BC13A0055C765 /* Mandelbrot.c */,
				096A229F1A0BB58200387E02 /* gfx.c */,
				096A22A01A0BB58200387E02 /* gfx.h */,
			);
			path = Mandelbrot_SDL;
			sourceTree = "<group>";
		};
/* End PBXGroup section */

/* Begin PBXNativeTarget section */
		090E1BFB1A0BB20200CAFB44 /* Mandelbrot_SDL */ = {
			isa = PBXNativeTarget;
			buildConfigurationList = 090E1C031A0BB20200CAFB44 /* Build configuration list for PBXNativeTarget "Mandelbrot_SDL" */;
			buildPhases = (
				090E1BF81A0BB20200CAFB44 /* Sources */,
				090E1BF91A0BB20200CAFB44 /* Frameworks */,
				090E1BFA1A0BB20200CAFB44 /* CopyFiles */,
			);
			buildRules = (
			);
			dependencies = (
			);
			name = Mandelbrot_SDL;
			productName = Mandelbrot_SDL;
			productReference = 090E1BFC1A0BB20200CAFB44 /* Mandelbrot_SDL */;
			productType = "com.apple.product-type.tool";
		};
/* End PBXNativeTarget section */

/* Begin PBXProject section */
		090E1BF41A0BB20200CAFB44 /* Project object */ = {
			isa = PBXProject;
			attributes = {
				LastUpgradeCheck = 0610;
				ORGANIZATIONNAME = Olivier;
				TargetAttributes = {
					090E1BFB1A0BB20200CAFB44 = {
						CreatedOnToolsVersion = 6.1;
					};
				};
			};
			buildConfigurationList = 090E1BF71A0BB20200CAFB44 /* Build configuration list for PBXProject "Mandelbrot_SDL" */;
			compatibilityVersion = "Xcode 3.2";
			developmentRegion = English;
			hasScannedForEncodings = 0;
			knownRegions = (
				en,
			);
			mainGroup = 090E1BF31A0BB20200CAFB44;
			productRefGroup = 090E1BFD1A0BB20200CAFB44 /* Products */;
			projectDirPath = "";
			projectRoot = "";
			targets = (
				090E1BFB1A0BB20200CAFB44 /* Mandelbrot_SDL */,
			);
		};
/* End PBXProject section */

/* Begin PBXSourcesBuildPhase section */
		090E1BF81A0BB20200CAFB44 /* Sources */ = {
			isa = PBXSourcesBuildPhase;
			buildActionMask = 2147483647;
			files = (
				090E1C001A0BB20200CAFB44 /* main.c in Sources */,
				096A22A31A0BC46100387E02 /* Pile.c in Sources */,
				096A22A11A0BB58200387E02 /* gfx.c in Sources */,
				2D5963F21A0BC13A0055C765 /* Mandelbrot.c in Sources */,
			);
			runOnlyForDeploymentPostprocessing = 0;
		};
/* End PBXSourcesBuildPhase section */

/* Begin XCBuildConfiguration section */
		090E1C011A0BB20200CAFB44 /* Debug */ = {
			isa = XCBuildConfiguration;
			buildSettings = {
				ALWAYS_SEARCH_USER_PATHS = NO;
				CLANG_CXX_LANGUAGE_STANDARD = "gnu++0x";
				CLANG_CXX_LIBRARY = "libc++";
				CLANG_ENABLE_MODULES = YES;
				CLANG_ENABLE_OBJC_ARC = YES;
				CLANG_WARN_BOOL_CONVERSION = YES;
				CLANG_WARN_CONSTANT_CONVERSION = YES;
				CLANG_WARN_DIRECT_OBJC_ISA_USAGE = YES_ERROR;
				CLANG_WARN_EMPTY_BODY = YES;
				CLANG_WARN_ENUM_CONVERSION = YES;
				CLANG_WARN_INT_CONVERSION = YES;
				CLANG_WARN_OBJC_ROOT_CLASS = YES_ERROR;
				CLANG_WARN_UNREACHABLE_CODE = YES;
				CLANG_WARN__DUPLICATE_METHOD_MATCH = YES;
				COPY_PHASE_STRIP = NO;
				ENABLE_STRICT_OBJC_MSGSEND = YES;
				GCC_C_LANGUAGE_STANDARD = gnu99;
				GCC_DYNAMIC_NO_PIC = NO;
				GCC_OPTIMIZATION_LEVEL = 0;
				GCC_PREPROCESSOR_DEFINITIONS = (
					"DEBUG=1",
					"$(inherited)",
				);
				GCC_SYMBOLS_PRIVATE_EXTERN = NO;
				GCC_WARN_64_TO_32_BIT_CONVERSION = YES;
				GCC_WARN_ABOUT_RETURN_TYPE = YES_ERROR;
				GCC_WARN_UNDECLARED_SELECTOR = YES;
				GCC_WARN_UNINITIALIZED_AUTOS = YES_AGGRESSIVE;
				GCC_WARN_UNUSED_FUNCTION = YES;
				GCC_WARN_UNUSED_VARIABLE = YES;
				MACOSX_DEPLOYMENT_TARGET = 10.10;
				MTL_ENABLE_DEBUG_INFO = YES;
				ONLY_ACTIVE_ARCH = YES;
				SDKROOT = macosx;
			};
			name = Debug;
		};
		090E1C021A0BB20200CAFB44 /* Release */ = {
			isa = XCBuildConfiguration;
			buildSettings = {
				ALWAYS_SEARCH_USER_PATHS = NO;
				CLANG_CXX_LANGUAGE_STANDARD = "gnu++0x";
				CLANG_CXX_LIBRARY = "libc++";
				CLANG_ENABLE_MODULES = YES;
				CLANG_ENABLE_OBJC_ARC = YES;
				CLANG_WARN_BOOL_CONVERSION = YES;
				CLANG_WARN_CONSTANT_CONVERSION = YES;
				CLANG_WARN_DIRECT_OBJC_ISA_USAGE = YES_ERROR;
				CLANG_WARN_EMPTY_BODY = YES;
				CLANG_WARN_ENUM_CONVERSION = YES;
				CLANG_WARN_INT_CONVERSION = YES;
				CLANG_WARN_OBJC_ROOT_CLASS = YES_ERROR;
				CLANG_WARN_UNREACHABLE_CODE = YES;
				CLANG_WARN__DUPLICATE_METHOD_MATCH = YES;
				COPY_PHASE_STRIP = YES;
				DEBUG_INFORMATION_FORMAT = "dwarf-with-dsym";
				ENABLE_NS_ASSERTIONS = NO;
				ENABLE_STRICT_OBJC_MSGSEND = YES;
				GCC_C_LANGUAGE_STANDARD = gnu99;
				GCC_WARN_64_TO_32_BIT_CONVERSION = YES;
				GCC_WARN_ABOUT_RETURN_TYPE = YES_ERROR;
				GCC_WARN_UNDECLARED_SELECTOR = YES;
				GCC_WARN_UNINITIALIZED_AUTOS = YES_AGGRESSIVE;
				GCC_WARN_UNUSED_FUNCTION = YES;
				GCC_WARN_UNUSED_VARIABLE = YES;
				MACOSX_DEPLOYMENT_TARGET = 10.10;
				MTL_ENABLE_DEBUG_INFO = NO;
				SDKROOT = macosx;
			};
			name = Release;
		};
		090E1C041A0BB20200CAFB44 /* Debug */ = {
			isa = XCBuildConfiguration;
			buildSettings = {
				FRAMEWORK_SEARCH_PATHS = (
					"$(inherited)",
					"$(LOCAL_LIBRARY_DIR)/Frameworks",
				);
				PRODUCT_NAME = "$(TARGET_NAME)";
			};
			name = Debug;
		};
		090E1C051A0BB20200CAFB44 /* Release */ = {
			isa = XCBuildConfiguration;
			buildSettings = {
				FRAMEWORK_SEARCH_PATHS = (
					"$(inherited)",
					"$(LOCAL_LIBRARY_DIR)/Frameworks",
				);
				PRODUCT_NAME = "$(TARGET_NAME)";
			};
			name = Release;
		};
/* End XCBuildConfiguration section */

/* Begin XCConfigurationList section */
		090E1BF71A0BB20200CAFB44 /* Build configuration list for PBXProject "Mandelbrot_SDL" */ = {
			isa = XCConfigurationList;
			buildConfigurations = (
				090E1C011A0BB20200CAFB44 /* Debug */,
				090E1C021A0BB20200CAFB44 /* Release */,
			);
			defaultConfigurationIsVisible = 0;
			defaultConfigurationName = Release;
		};
		090E1C031A0BB20200CAFB44 /* Build configuration list for PBXNativeTarget "Mandelbrot_SDL" */ = {
			isa = XCConfigurationList;
			buildConfigurations = (
				090E1C041A0BB20200CAFB44 /* Debug */,
				090E1C051A0BB20200CAFB44 /* Release */,
			);
			defaultConfigurationIsVisible = 0;
			defaultConfigurationName = Release;
		};
/* End XCConfigurationList section */
	};
	rootObject = 090E1BF41A0BB20200CAFB44 /* Project object */;
}
